=== TRINITY MESH ARCHIVAL RECORD ===
Timestamp: 2026-08-27 11:56:43
--- Verified Node Parameters ---
Trinity Node [NODE_ID] -> Status: Demien_CAPSULECRAFT
Trinity Node [TELEMETRY_BRIDGE] -> Status: synchronized
Trinity Node [POLARITY_AXIS] -> Status: active_mesh_trinity
=== SYNCHRONIZATION COMPLETE ===
